
Microsoft Visual Studio Solution File, Format Version 12.00
# Visual Studio Version 17
VisualStudioVersion = 17.10.35122.118
MinimumVisualStudioVersion = 10.0.40219.1
Project("{9A19103F-16F7-4668-BE54-9A1E7A4F7556}") = "FuAIS", "FuAIS\FuAIS.csproj", "{B942F2C3-FB90-4FF8-A56F-9DC14E62F94D}"
EndProject
Project("{9A19103F-16F7-4668-BE54-9A1E7A4F7556}") = "Task2", "Task2\Task2.csproj", "{A7A4D57C-14BD-44F0-B266-5BE5212D19DF}"
EndProject
Project("{9A19103F-16F7-4668-BE54-9A1E7A4F7556}") = "Task1", "Task1\Task1.csproj", "{14FB8ECD-DFFB-475B-BD59-9D25B0F3C145}"
EndProject
Project("{FAE04EC0-301F-11D3-BF4B-00C04F79EFBC}") = "LMS", "LMS\LMS.csproj", "{CFFEE7B6-D64E-45B6-9D9F-3FD0940BDA76}"
EndProject
Global
	GlobalSection(SolutionConfigurationPlatforms) = preSolution
		Debug|Any CPU = Debug|Any CPU
		Release|Any CPU = Release|Any CPU
	EndGlobalSection
	GlobalSection(ProjectConfigurationPlatforms) = postSolution
		{B942F2C3-FB90-4FF8-A56F-9DC14E62F94D}.Debug|Any CPU.ActiveCfg = Debug|Any CPU
		{B942F2C3-FB90-4FF8-A56F-9DC14E62F94D}.Debug|Any CPU.Build.0 = Debug|Any CPU
		{B942F2C3-FB90-4FF8-A56F-9DC14E62F94D}.Release|Any CPU.ActiveCfg = Release|Any CPU
		{B942F2C3-FB90-4FF8-A56F-9DC14E62F94D}.Release|Any CPU.Build.0 = Release|Any CPU
		{A7A4D57C-14BD-44F0-B266-5BE5212D19DF}.Debug|Any CPU.ActiveCfg = Debug|Any CPU
		{A7A4D57C-14BD-44F0-B266-5BE5212D19DF}.Debug|Any CPU.Build.0 = Debug|Any CPU
		{A7A4D57C-14BD-44F0-B266-5BE5212D19DF}.Release|Any CPU.ActiveCfg = Release|Any CPU
		{A7A4D57C-14BD-44F0-B266-5BE5212D19DF}.Release|Any CPU.Build.0 = Release|Any CPU
		{14FB8ECD-DFFB-475B-BD59-9D25B0F3C145}.Debug|Any CPU.ActiveCfg = Debug|Any CPU
		{14FB8ECD-DFFB-475B-BD59-9D25B0F3C145}.Debug|Any CPU.Build.0 = Debug|Any CPU
		{14FB8ECD-DFFB-475B-BD59-9D25B0F3C145}.Release|Any CPU.ActiveCfg = Release|Any CPU
		{14FB8ECD-DFFB-475B-BD59-9D25B0F3C145}.Release|Any CPU.Build.0 = Release|Any CPU
		{CFFEE7B6-D64E-45B6-9D9F-3FD0940BDA76}.Debug|Any CPU.ActiveCfg = Debug|Any CPU
		{CFFEE7B6-D64E-45B6-9D9F-3FD0940BDA76}.Debug|Any CPU.Build.0 = Debug|Any CPU
		{CFFEE7B6-D64E-45B6-9D9F-3FD0940BDA76}.Release|Any CPU.ActiveCfg = Release|Any CPU
		{CFFEE7B6-D64E-45B6-9D9F-3FD0940BDA76}.Release|Any CPU.Build.0 = Release|Any CPU
	EndGlobalSection
	GlobalSection(SolutionProperties) = preSolution
		HideSolutionNode = FALSE
	EndGlobalSection
	GlobalSection(ExtensibilityGlobals) = postSolution
		SolutionGuid = {198A0A2E-5841-49FE-9710-4BF9046926F8}
	EndGlobalSection
EndGlobal
